
Microsoft Visual Studio Solution File, Format Version 12.00
# Visual Studio Version 17
VisualStudioVersion = 17.9.34728.123
MinimumVisualStudioVersion = 10.0.40219.1
Project("{9A19103F-16F7-4668-BE54-9A1E7A4F7556}") = "FarmManagementSystem.WebAPI", "FarmManagementSystem.WebAPI\FarmManagementSystem.WebAPI.csproj", "{D478B9CE-A536-4BB1-B130-C1EB0309E207}"
EndProject
Project("{9A19103F-16F7-4668-BE54-9A1E7A4F7556}") = "FarmManagementSystem.Domain", "FarmManagementSystem.Domain\FarmManagementSystem.Domain.csproj", "{5D0EF534-196D-4EBD-A9D4-17244F63C789}"
EndProject
Project("{9A19103F-16F7-4668-BE54-9A1E7A4F7556}") = "FarmManagementSystem.Infra", "FarmManagementSystem.Infra\FarmManagementSystem.Infra.csproj", "{AD4DFFB7-291A-4ECD-AA79-DA1AB009A120}"
EndProject
Project("{9A19103F-16F7-4668-BE54-9A1E7A4F7556}") = "FarmManagementSystem.Services", "FarmManagementSystem.Services\FarmManagementSystem.Services.csproj", "{EE1EE72C-B009-4B63-84E8-20CE293AB7E4}"
EndProject
Project("{FAE04EC0-301F-11D3-BF4B-00C04F79EFBC}") = "FarmManagementSystem.Tests", "FarmManagementSystem.Tests\FarmManagementSystem.Tests.csproj", "{335F2C1C-E862-4FB9-8E5D-4DD978FD37FD}"
EndProject
Global
	GlobalSection(SolutionConfigurationPlatforms) = preSolution
		Debug|Any CPU = Debug|Any CPU
		Release|Any CPU = Release|Any CPU
	EndGlobalSection
	GlobalSection(ProjectConfigurationPlatforms) = postSolution
		{D478B9CE-A536-4BB1-B130-C1EB0309E207}.Debug|Any CPU.ActiveCfg = Debug|Any CPU
		{D478B9CE-A536-4BB1-B130-C1EB0309E207}.Debug|Any CPU.Build.0 = Debug|Any CPU
		{D478B9CE-A536-4BB1-B130-C1EB0309E207}.Release|Any CPU.ActiveCfg = Release|Any CPU
		{D478B9CE-A536-4BB1-B130-C1EB0309E207}.Release|Any CPU.Build.0 = Release|Any CPU
		{5D0EF534-196D-4EBD-A9D4-17244F63C789}.Debug|Any CPU.ActiveCfg = Debug|Any CPU
		{5D0EF534-196D-4EBD-A9D4-17244F63C789}.Debug|Any CPU.Build.0 = Debug|Any CPU
		{5D0EF534-196D-4EBD-A9D4-17244F63C789}.Release|Any CPU.ActiveCfg = Release|Any CPU
		{5D0EF534-196D-4EBD-A9D4-17244F63C789}.Release|Any CPU.Build.0 = Release|Any CPU
		{AD4DFFB7-291A-4ECD-AA79-DA1AB009A120}.Debug|Any CPU.ActiveCfg = Debug|Any CPU
		{AD4DFFB7-291A-4ECD-AA79-DA1AB009A120}.Debug|Any CPU.Build.0 = Debug|Any CPU
		{AD4DFFB7-291A-4ECD-AA79-DA1AB009A120}.Release|Any CPU.ActiveCfg = Release|Any CPU
		{AD4DFFB7-291A-4ECD-AA79-DA1AB009A120}.Release|Any CPU.Build.0 = Release|Any CPU
		{EE1EE72C-B009-4B63-84E8-20CE293AB7E4}.Debug|Any CPU.ActiveCfg = Debug|Any CPU
		{EE1EE72C-B009-4B63-84E8-20CE293AB7E4}.Debug|Any CPU.Build.0 = Debug|Any CPU
		{EE1EE72C-B009-4B63-84E8-20CE293AB7E4}.Release|Any CPU.ActiveCfg = Release|Any CPU
		{EE1EE72C-B009-4B63-84E8-20CE293AB7E4}.Release|Any CPU.Build.0 = Release|Any CPU
		{335F2C1C-E862-4FB9-8E5D-4DD978FD37FD}.Debug|Any CPU.ActiveCfg = Debug|Any CPU
		{335F2C1C-E862-4FB9-8E5D-4DD978FD37FD}.Debug|Any CPU.Build.0 = Debug|Any CPU
		{335F2C1C-E862-4FB9-8E5D-4DD978FD37FD}.Release|Any CPU.ActiveCfg = Release|Any CPU
		{335F2C1C-E862-4FB9-8E5D-4DD978FD37FD}.Release|Any CPU.Build.0 = Release|Any CPU
	EndGlobalSection
	GlobalSection(SolutionProperties) = preSolution
		HideSolutionNode = FALSE
	EndGlobalSection
	GlobalSection(ExtensibilityGlobals) = postSolution
		SolutionGuid = {6D19C720-22AB-48FD-86A1-A9D0BB42A806}
	EndGlobalSection
EndGlobal
